// !$*UTF8*$!
{
	archiveVersion = 1;
	classes = {
	};
	objectVersion = 50;
	objects = {

/* Begin PBXBuildFile section */
		115BB466243A3B990014D2F6 /* ViewController2.swift in Sources */ = {isa = PBXBuildFile; fileRef = 115BB465243A3B980014D2F6 /* ViewController2.swift */; };
		115BB468243A48A80014D2F6 /* data.swift in Sources */ = {isa = PBXBuildFile; fileRef = 115BB467243A48A80014D2F6 /* data.swift */; };
		11B1773D2436F8C2001868F5 /* AppDelegate.swift in Sources */ = {isa = PBXBuildFile; fileRef = 11B1773C2436F8C2001868F5 /* AppDelegate.swift */; };
		11B1773F2436F8C2001868F5 /* ViewController.swift in Sources */ = {isa = PBXBuildFile; fileRef = 11B1773E2436F8C2001868F5 /* ViewController.swift */; };
		11B177422436F8C2001868F5 /* Main.storyboard in Resources */ = {isa = PBXBuildFile; fileRef = 11B177402436F8C2001868F5 /* Main.storyboard */; };
		11B177442436F8C8001868F5 /* Assets.xcassets in Resources */ = {isa = PBXBuildFile; fileRef = 11B177432436F8C8001868F5 /* Assets.xcassets */; };
		11B177472436F8C8001868F5 /* LaunchScreen.storyboard in Resources */ = {isa = PBXBuildFile; fileRef = 11B177452436F8C8001868F5 /* LaunchScreen.storyboard */; };
		11B177522436F8C8001868F5 /* NewAppTests.swift in Sources */ = {isa = PBXBuildFile; fileRef = 11B177512436F8C8001868F5 /* NewAppTests.swift */; };
		11B1775D2436F8C8001868F5 /* NewAppUITests.swift in Sources */ = {isa = PBXBuildFile; fileRef = 11B1775C2436F8C8001868F5 /* NewAppUITests.swift */; };
/* End PBXBuildFile section */

/* Begin PBXContainerItemProxy section */
		11B1774E2436F8C8001868F5 /* PBXContainerItemProxy */ = {
			isa = PBXContainerItemProxy;
			containerPortal = 11B177312436F8C1001868F5 /* Project object */;
			proxyType = 1;
			remoteGlobalIDString = 11B177382436F8C1001868F5;
			remoteInfo = NewApp;
		};
		11B177592436F8C8001868F5 /* PBXContainerItemProxy */ = {
			isa = PBXContainerItemProxy;
			containerPortal = 11B177312436F8C1001868F5 /* Project object */;
			proxyType = 1;
			remoteGlobalIDString = 11B177382436F8C1001868F5;
			remoteInfo = NewApp;
		};
/* End PBXContainerItemProxy section */

/* Begin PBXFileReference section */
		115BB465243A3B980014D2F6 /* ViewController2.swift */ = {isa = PBXFileReference; lastKnownFileType = sourcecode.swift; path = ViewController2.swift; sourceTree = "<group>"; };
		115BB467243A48A80014D2F6 /* data.swift */ = {isa = PBXFileReference; lastKnownFileType = sourcecode.swift; path = data.swift; sourceTree = "<group>"; };
		11B177392436F8C1001868F5 /* NewApp.app */ = {isa = PBXFileReference; explicitFileType = wrapper.application; includeInIndex = 0; path = NewApp.app; sourceTree = BUILT_PRODUCTS_DIR; };
		11B1773C2436F8C2001868F5 /* AppDelegate.swift */ = {isa = PBXFileReference; lastKnownFileType = sourcecode.swift; path = AppDelegate.swift; sourceTree = "<group>"; };
		11B1773E2436F8C2001868F5 /* ViewController.swift */ = {isa = PBXFileReference; lastKnownFileType = sourcecode.swift; path = ViewController.swift; sourceTree = "<group>"; };
		11B177412436F8C2001868F5 /* Base */ = {isa = PBXFileReference; lastKnownFileType = file.storyboard; name = Base; path = Base.lproj/Main.storyboard; sourceTree = "<group>"; };
		11B177432436F8C8001868F5 /* Assets.xcassets */ = {isa = PBXFileReference; lastKnownFileType = folder.assetcatalog; path = Assets.xcassets; sourceTree = "<group>"; };
		11B177462436F8C8001868F5 /* Base */ = {isa = PBXFileReference; lastKnownFileType = file.storyboard; name = Base; path = Base.lproj/LaunchScreen.storyboard; sourceTree = "<group>"; };
		11B177482436F8C8001868F5 /* Info.plist */ = {isa = PBXFileReference; lastKnownFileType = text.plist.xml; path = Info.plist; sourceTree = "<group>"; };
		11B1774D2436F8C8001868F5 /* NewAppTests.xctest */ = {isa = PBXFileReference; explicitFileType = wrapper.cfbundle; includeInIndex = 0; path = NewAppTests.xctest; sourceTree = BUILT_PRODUCTS_DIR; };
		11B177512436F8C8001868F5 /* NewAppTests.swift */ = {isa = PBXFileReference; lastKnownFileType = sourcecode.swift; path = NewAppTests.swift; sourceTree = "<group>"; };
		11B177532436F8C8001868F5 /* Info.plist */ = {isa = PBXFileReference; lastKnownFileType = text.plist.xml; path = Info.plist; sourceTree = "<group>"; };
		11B177582436F8C8001868F5 /* NewAppUITests.xctest */ = {isa = PBXFileReference; explicitFileType = wrapper.cfbundle; includeInIndex = 0; path = NewAppUITests.xctest; sourceTree = BUILT_PRODUCTS_DIR; };
		11B1775C2436F8C8001868F5 /* NewAppUITests.swift */ = {isa = PBXFileReference; lastKnownFileType = sourcecode.swift; path = NewAppUITests.swift; sourceTree = "<group>"; };
		11B1775E2436F8C8001868F5 /* Info.plist */ = {isa = PBXFileReference; lastKnownFileType = text.plist.xml; path = Info.plist; sourceTree = "<group>"; };
/* End PBXFileReference section */

/* Begin PBXFrameworksBuildPhase section */
		11B177362436F8C1001868F5 /* Frameworks */ = {
			isa = PBXFrameworksBuildPhase;
			buildActionMask = 2147483647;
			files = (
			);
			runOnlyForDeploymentPostprocessing = 0;
		};
		11B1774A2436F8C8001868F5 /* Frameworks */ = {
			isa = PBXFrameworksBuildPhase;
			buildActionMask = 2147483647;
			files = (
			);
			runOnlyForDeploymentPostprocessing = 0;
		};
		11B177552436F8C8001868F5 /* Frameworks */ = {
			isa = PBXFrameworksBuildPhase;
			buildActionMask = 2147483647;
			files = (
			);
			runOnlyForDeploymentPostprocessing = 0;
		};
/* End PBXFrameworksBuildPhase section */

/* Begin PBXGroup section */
		11B177302436F8C1001868F5 = {
			isa = PBXGroup;
			children = (
				11B1773B2436F8C1001868F5 /* NewApp */,
				11B177502436F8C8001868F5 /* NewAppTests */,
				11B1775B2436F8C8001868F5 /* NewAppUITests */,
				11B1773A2436F8C1001868F5 /* Products */,
			);
			sourceTree = "<group>";
		};
		11B1773A2436F8C1001868F5 /* Products */ = {
			isa = PBXGroup;
			children = (
				11B177392436F8C1001868F5 /* NewApp.app */,
				11B1774D2436F8C8001868F5 /* NewAppTests.xctest */,
				11B177582436F8C8001868F5 /* NewAppUITests.xctest */,
			);
			name = Products;
			sourceTree = "<group>";
		};
		11B1773B2436F8C1001868F5 /* NewApp */ = {
			isa = PBXGroup;
			children = (
				11B1773C2436F8C2001868F5 /* AppDelegate.swift */,
				115BB467243A48A80014D2F6 /* data.swift */,
				11B1773E2436F8C2001868F5 /* ViewController.swift */,
				115BB465243A3B980014D2F6 /* ViewController2.swift */,
				11B177402436F8C2001868F5 /* Main.storyboard */,
				11B177432436F8C8001868F5 /* Assets.xcassets */,
				11B177452436F8C8001868F5 /* LaunchScreen.storyboard */,
				11B177482436F8C8001868F5 /* Info.plist */,
			);
			path = NewApp;
			sourceTree = "<group>";
		};
		11B177502436F8C8001868F5 /* NewAppTests */ = {
			isa = PBXGroup;
			children = (
				11B177512436F8C8001868F5 /* NewAppTests.swift */,
				11B177532436F8C8001868F5 /* Info.plist */,
			);
			path = NewAppTests;
			sourceTree = "<group>";
		};
		11B1775B2436F8C8001868F5 /* NewAppUITests */ = {
			isa = PBXGroup;
			children = (
				11B1775C2436F8C8001868F5 /* NewAppUITests.swift */,
				11B1775E2436F8C8001868F5 /* Info.plist */,
			);
			path = NewAppUITests;
			sourceTree = "<group>";
		};
/* End PBXGroup section */

/* Begin PBXNativeTarget section */
		11B177382436F8C1001868F5 /* NewApp */ = {
			isa = PBXNativeTarget;
			buildConfigurationList = 11B177612436F8C8001868F5 /* Build configuration list for PBXNativeTarget "NewApp" */;
			buildPhases = (
				11B177352436F8C1001868F5 /* Sources */,
				11B177362436F8C1001868F5 /* Frameworks */,
				11B177372436F8C1001868F5 /* Resources */,
			);
			buildRules = (
			);
			dependencies = (
			);
			name = NewApp;
			productName = NewApp;
			productReference = 11B177392436F8C1001868F5 /* NewApp.app */;
			productType = "com.apple.product-type.application";
		};
		11B1774C2436F8C8001868F5 /* NewAppTests */ = {
			isa = PBXNativeTarget;
			buildConfigurationList = 11B177642436F8C8001868F5 /* Build configuration list for PBXNativeTarget "NewAppTests" */;
			buildPhases = (
				11B177492436F8C8001868F5 /* Sources */,
				11B1774A2436F8C8001868F5 /* Frameworks */,
				11B1774B2436F8C8001868F5 /* Resources */,
			);
			buildRules = (
			);
			dependencies = (
				11B1774F2436F8C8001868F5 /* PBXTargetDependency */,
			);
			name = NewAppTests;
			productName = NewAppTests;
			productReference = 11B1774D2436F8C8001868F5 /* NewAppTests.xctest */;
			productType = "com.apple.product-type.bundle.unit-test";
		};
		11B177572436F8C8001868F5 /* NewAppUITests */ = {
			isa = PBXNativeTarget;
			buildConfigurationList = 11B177672436F8C8001868F5 /* Build configuration list for PBXNativeTarget "NewAppUITests" */;
			buildPhases = (
				11B177542436F8C8001868F5 /* Sources */,
				11B177552436F8C8001868F5 /* Frameworks */,
				11B177562436F8C8001868F5 /* Resources */,
			);
			buildRules = (
			);
			dependencies = (
				11B1775A2436F8C8001868F5 /* PBXTargetDependency */,
			);
			name = NewAppUITests;
			productName = NewAppUITests;
			productReference = 11B177582436F8C8001868F5 /* NewAppUITests.xctest */;
			productType = "com.apple.product-type.bundle.ui-testing";
		};
/* End PBXNativeTarget section */

/* Begin PBXProject section */
		11B177312436F8C1001868F5 /* Project object */ = {
			isa = PBXProject;
			attributes = {
				LastSwiftUpdateCheck = 1010;
				LastUpgradeCheck = 1010;
				ORGANIZATIONNAME = "Rahul Bhandari";
				TargetAttributes = {
					11B177382436F8C1001868F5 = {
						CreatedOnToolsVersion = 10.1;
					};
					11B1774C2436F8C8001868F5 = {
						CreatedOnToolsVersion = 10.1;
						TestTargetID = 11B177382436F8C1001868F5;
					};
					11B177572436F8C8001868F5 = {
						CreatedOnToolsVersion = 10.1;
						TestTargetID = 11B177382436F8C1001868F5;
					};
				};
			};
			buildConfigurationList = 11B177342436F8C1001868F5 /* Build configuration list for PBXProject "NewApp" */;
			compatibilityVersion = "Xcode 9.3";
			developmentRegion = en;
			hasScannedForEncodings = 0;
			knownRegions = (
				en,
				Base,
			);
			mainGroup = 11B177302436F8C1001868F5;
			productRefGroup = 11B1773A2436F8C1001868F5 /* Products */;
			projectDirPath = "";
			projectRoot = "";
			targets = (
				11B177382436F8C1001868F5 /* NewApp */,
				11B1774C2436F8C8001868F5 /* NewAppTests */,
				11B177572436F8C8001868F5 /* NewAppUITests */,
			);
		};
/* End PBXProject section */

/* Begin PBXResourcesBuildPhase section */
		11B177372436F8C1001868F5 /* Resources */ = {
			isa = PBXResourcesBuildPhase;
			buildActionMask = 2147483647;
			files = (
				11B177472436F8C8001868F5 /* LaunchScreen.storyboard in Resources */,
				11B177442436F8C8001868F5 /* Assets.xcassets in Resources */,
				11B177422436F8C2001868F5 /* Main.storyboard in Resources */,
			);
			runOnlyForDeploymentPostprocessing = 0;
		};
		11B1774B2436F8C8001868F5 /* Resources */ = {
			isa = PBXResourcesBuildPhase;
			buildActionMask = 2147483647;
			files = (
			);
			runOnlyForDeploymentPostprocessing = 0;
		};
		11B177562436F8C8001868F5 /* Resources */ = {
			isa = PBXResourcesBuildPhase;
			buildActionMask = 2147483647;
			files = (
			);
			runOnlyForDeploymentPostprocessing = 0;
		};
/* End PBXResourcesBuildPhase section */

/* Begin PBXSourcesBuildPhase section */
		11B177352436F8C1001868F5 /* Sources */ = {
			isa = PBXSourcesBuildPhase;
			buildActionMask = 2147483647;
			files = (
				11B1773F2436F8C2001868F5 /* ViewController.swift in Sources */,
				11B1773D2436F8C2001868F5 /* AppDelegate.swift in Sources */,
				115BB466243A3B990014D2F6 /* ViewController2.swift in Sources */,
				115BB468243A48A80014D2F6 /* data.swift in Sources */,
			);
			runOnlyForDeploymentPostprocessing = 0;
		};
		11B177492436F8C8001868F5 /* Sources */ = {
			isa = PBXSourcesBuildPhase;
			buildActionMask = 2147483647;
			files = (
				11B177522436F8C8001868F5 /* NewAppTests.swift in Sources */,
			);
			runOnlyForDeploymentPostprocessing = 0;
		};
		11B177542436F8C8001868F5 /* Sources */ = {
			isa = PBXSourcesBuildPhase;
			buildActionMask = 2147483647;
			files = (
				11B1775D2436F8C8001868F5 /* NewAppUITests.swift in Sources */,
			);
			runOnlyForDeploymentPostprocessing = 0;
		};
/* End PBXSourcesBuildPhase section */

/* Begin PBXTargetDependency section */
		11B1774F2436F8C8001868F5 /* PBXTargetDependency */ = {
			isa = PBXTargetDependency;
			target = 11B177382436F8C1001868F5 /* NewApp */;
			targetProxy = 11B1774E2436F8C8001868F5 /* PBXContainerItemProxy */;
		};
		11B1775A2436F8C8001868F5 /* PBXTargetDependency */ = {
			isa = PBXTargetDependency;
			target = 11B177382436F8C1001868F5 /* NewApp */;
			targetProxy = 11B177592436F8C8001868F5 /* PBXContainerItemProxy */;
		};
/* End PBXTargetDependency section */

/* Begin PBXVariantGroup section */
		11B177402436F8C2001868F5 /* Main.storyboard */ = {
			isa = PBXVariantGroup;
			children = (
				11B177412436F8C2001868F5 /* Base */,
			);
			name = Main.storyboard;
			sourceTree = "<group>";
		};
		11B177452436F8C8001868F5 /* LaunchScreen.storyboard */ = {
			isa = PBXVariantGroup;
			children = (
				11B177462436F8C8001868F5 /* Base */,
			);
			name = LaunchScreen.storyboard;
			sourceTree = "<group>";
		};
/* End PBXVariantGroup section */

/* Begin XCBuildConfiguration section */
		11B1775F2436F8C8001868F5 /* Debug */ = {
			isa = XCBuildConfiguration;
			buildSettings = {
				ALWAYS_SEARCH_USER_PATHS = NO;
				CLANG_ANALYZER_NONNULL = YES;
				CLANG_ANALYZER_NUMBER_OBJECT_CONVERSION = YES_AGGRESSIVE;
				CLANG_CXX_LANGUAGE_STANDARD = "gnu++14";
				CLANG_CXX_LIBRARY = "libc++";
				CLANG_ENABLE_MODULES = YES;
				CLANG_ENABLE_OBJC_ARC = YES;
				CLANG_ENABLE_OBJC_WEAK = YES;
				CLANG_WARN_BLOCK_CAPTURE_AUTORELEASING = YES;
				CLANG_WARN_BOOL_CONVERSION = YES;
				CLANG_WARN_COMMA = YES;
				CLANG_WARN_CONSTANT_CONVERSION = YES;
				CLANG_WARN_DEPRECATED_OBJC_IMPLEMENTATIONS = YES;
				CLANG_WARN_DIRECT_OBJC_ISA_USAGE = YES_ERROR;
				CLANG_WARN_DOCUMENTATION_COMMENTS = YES;
				CLANG_WARN_EMPTY_BODY = YES;
				CLANG_WARN_ENUM_CONVERSION = YES;
				CLANG_WARN_INFINITE_RECURSION = YES;
				CLANG_WARN_INT_CONVERSION = YES;
				CLANG_WARN_NON_LITERAL_NULL_CONVERSION = YES;
				CLANG_WARN_OBJC_IMPLICIT_RETAIN_SELF = YES;
				CLANG_WARN_OBJC_LITERAL_CONVERSION = YES;
				CLANG_WARN_OBJC_ROOT_CLASS = YES_ERROR;
				CLANG_WARN_RANGE_LOOP_ANALYSIS = YES;
				CLANG_WARN_STRICT_PROTOTYPES = YES;
				CLANG_WARN_SUSPICIOUS_MOVE = YES;
				CLANG_WARN_UNGUARDED_AVAILABILITY = YES_AGGRESSIVE;
				CLANG_WARN_UNREACHABLE_CODE = YES;
				CLANG_WARN__DUPLICATE_METHOD_MATCH = YES;
				CODE_SIGN_IDENTITY = "iPhone Developer";
				COPY_PHASE_STRIP = NO;
				DEBUG_INFORMATION_FORMAT = dwarf;
				ENABLE_STRICT_OBJC_MSGSEND = YES;
				ENABLE_TESTABILITY = YES;
				GCC_C_LANGUAGE_STANDARD = gnu11;
				GCC_DYNAMIC_NO_PIC = NO;
				GCC_NO_COMMON_BLOCKS = YES;
				GCC_OPTIMIZATION_LEVEL = 0;
				GCC_PREPROCESSOR_DEFINITIONS = (
					"DEBUG=1",
					"$(inherited)",
				);
				GCC_WARN_64_TO_32_BIT_CONVERSION = YES;
				GCC_WARN_ABOUT_RETURN_TYPE = YES_ERROR;
				GCC_WARN_UNDECLARED_SELECTOR = YES;
				GCC_WARN_UNINITIALIZED_AUTOS = YES_AGGRESSIVE;
				GCC_WARN_UNUSED_FUNCTION = YES;
				GCC_WARN_UNUSED_VARIABLE = YES;
				IPHONEOS_DEPLOYMENT_TARGET = 12.1;
				MTL_ENABLE_DEBUG_INFO = INCLUDE_SOURCE;
				MTL_FAST_MATH = YES;
				ONLY_ACTIVE_ARCH = YES;
				SDKROOT = iphoneos;
				SWIFT_ACTIVE_COMPILATION_CONDITIONS = DEBUG;
				SWIFT_OPTIMIZATION_LEVEL = "-Onone";
			};
			name = Debug;
		};
		11B177602436F8C8001868F5 /* Release */ = {
			isa = XCBuildConfiguration;
			buildSettings = {
				ALWAYS_SEARCH_USER_PATHS = NO;
				CLANG_ANALYZER_NONNULL = YES;
				CLANG_ANALYZER_NUMBER_OBJECT_CONVERSION = YES_AGGRESSIVE;
				CLANG_CXX_LANGUAGE_STANDARD = "gnu++14";
				CLANG_CXX_LIBRARY = "libc++";
				CLANG_ENABLE_MODULES = YES;
				CLANG_ENABLE_OBJC_ARC = YES;
				CLANG_ENABLE_OBJC_WEAK = YES;
				CLANG_WARN_BLOCK_CAPTURE_AUTORELEASING = YES;
				CLANG_WARN_BOOL_CONVERSION = YES;
				CLANG_WARN_COMMA = YES;
				CLANG_WARN_CONSTANT_CONVERSION = YES;
				CLANG_WARN_DEPRECATED_OBJC_IMPLEMENTATIONS = YES;
				CLANG_WARN_DIRECT_OBJC_ISA_USAGE = YES_ERROR;
				CLANG_WARN_DOCUMENTATION_COMMENTS = YES;
				CLANG_WARN_EMPTY_BODY = YES;
				CLANG_WARN_ENUM_CONVERSION = YES;
				CLANG_WARN_INFINITE_RECURSION = YES;
				CLANG_WARN_INT_CONVERSION = YES;
				CLANG_WARN_NON_LITERAL_NULL_CONVERSION = YES;
				CLANG_WARN_OBJC_IMPLICIT_RETAIN_SELF = YES;
				CLANG_WARN_OBJC_LITERAL_CONVERSION = YES;
				CLANG_WARN_OBJC_ROOT_CLASS = YES_ERROR;
				CLANG_WARN_RANGE_LOOP_ANALYSIS = YES;
				CLANG_WARN_STRICT_PROTOTYPES = YES;
				CLANG_WARN_SUSPICIOUS_MOVE = YES;
				CLANG_WARN_UNGUARDED_AVAILABILITY = YES_AGGRESSIVE;
				CLANG_WARN_UNREACHABLE_CODE = YES;
				CLANG_WARN__DUPLICATE_METHOD_MATCH = YES;
				CODE_SIGN_IDENTITY = "iPhone Developer";
				COPY_PHASE_STRIP = NO;
				DEBUG_INFORMATION_FORMAT = "dwarf-with-dsym";
				ENABLE_NS_ASSERTIONS = NO;
				ENABLE_STRICT_OBJC_MSGSEND = YES;
				GCC_C_LANGUAGE_STANDARD = gnu11;
				GCC_NO_COMMON_BLOCKS = YES;
				GCC_WARN_64_TO_32_BIT_CONVERSION = YES;
				GCC_WARN_ABOUT_RETURN_TYPE = YES_ERROR;
				GCC_WARN_UNDECLARED_SELECTOR = YES;
				GCC_WARN_UNINITIALIZED_AUTOS = YES_AGGRESSIVE;
				GCC_WARN_UNUSED_FUNCTION = YES;
				GCC_WARN_UNUSED_VARIABLE = YES;
				IPHONEOS_DEPLOYMENT_TARGET = 12.1;
				MTL_ENABLE_DEBUG_INFO = NO;
				MTL_FAST_MATH = YES;
				SDKROOT = iphoneos;
				SWIFT_COMPILATION_MODE = wholemodule;
				SWIFT_OPTIMIZATION_LEVEL = "-O";
				VALIDATE_PRODUCT = YES;
			};
			name = Release;
		};
		11B177622436F8C8001868F5 /* Debug */ = {
			isa = XCBuildConfiguration;
			buildSettings = {
				ASSETCATALOG_COMPILER_APPICON_NAME = AppIcon;
				CODE_SIGN_STYLE = Automatic;
				INFOPLIST_FILE = NewApp/Info.plist;
				LD_RUNPATH_SEARCH_PATHS = (
					"$(inherited)",
					"@executable_path/Frameworks",
				);
				PRODUCT_BUNDLE_IDENTIFIER = bb.NewApp;
				PRODUCT_NAME = "$(TARGET_NAME)";
				SWIFT_VERSION = 4.2;
				TARGETED_DEVICE_FAMILY = "1,2";
			};
			name = Debug;
		};
		11B177632436F8C8001868F5 /* Release */ = {
			isa = XCBuildConfiguration;
			buildSettings = {
				ASSETCATALOG_COMPILER_APPICON_NAME = AppIcon;
				CODE_SIGN_STYLE = Automatic;
				INFOPLIST_FILE = NewApp/Info.plist;
				LD_RUNPATH_SEARCH_PATHS = (
					"$(inherited)",
					"@executable_path/Frameworks",
				);
				PRODUCT_BUNDLE_IDENTIFIER = bb.NewApp;
				PRODUCT_NAME = "$(TARGET_NAME)";
				SWIFT_VERSION = 4.2;
				TARGETED_DEVICE_FAMILY = "1,2";
			};
			name = Release;
		};
		11B177652436F8C8001868F5 /* Debug */ = {
			isa = XCBuildConfiguration;
			buildSettings = {
				ALWAYS_EMBED_SWIFT_STANDARD_LIBRARIES = YES;
				BUNDLE_LOADER = "$(TEST_HOST)";
				CODE_SIGN_STYLE = Automatic;
				INFOPLIST_FILE = NewAppTests/Info.plist;
				LD_RUNPATH_SEARCH_PATHS = (
					"$(inherited)",
					"@executable_path/Frameworks",
					"@loader_path/Frameworks",
				);
				PRODUCT_BUNDLE_IDENTIFIER = bb.NewAppTests;
				PRODUCT_NAME = "$(TARGET_NAME)";
				SWIFT_VERSION = 4.2;
				TARGETED_DEVICE_FAMILY = "1,2";
				TEST_HOST = "$(BUILT_PRODUCTS_DIR)/NewApp.app/NewApp";
			};
			name = Debug;
		};
		11B177662436F8C8001868F5 /* Release */ = {
			isa = XCBuildConfiguration;
			buildSettings = {
				ALWAYS_EMBED_SWIFT_STANDARD_LIBRARIES = YES;
				BUNDLE_LOADER = "$(TEST_HOST)";
				CODE_SIGN_STYLE = Automatic;
				INFOPLIST_FILE = NewAppTests/Info.plist;
				LD_RUNPATH_SEARCH_PATHS = (
					"$(inherited)",
					"@executable_path/Frameworks",
					"@loader_path/Frameworks",
				);
				PRODUCT_BUNDLE_IDENTIFIER = bb.NewAppTests;
				PRODUCT_NAME = "$(TARGET_NAME)";
				SWIFT_VERSION = 4.2;
				TARGETED_DEVICE_FAMILY = "1,2";
				TEST_HOST = "$(BUILT_PRODUCTS_DIR)/NewApp.app/NewApp";
			};
			name = Release;
		};
		11B177682436F8C8001868F5 /* Debug */ = {
			isa = XCBuildConfiguration;
			buildSettings = {
				ALWAYS_EMBED_SWIFT_STANDARD_LIBRARIES = YES;
				CODE_SIGN_STYLE = Automatic;
				INFOPLIST_FILE = NewAppUITests/Info.plist;
				LD_RUNPATH_SEARCH_PATHS = (
					"$(inherited)",
					"@executable_path/Frameworks",
					"@loader_path/Frameworks",
				);
				PRODUCT_BUNDLE_IDENTIFIER = bb.NewAppUITests;
				PRODUCT_NAME = "$(TARGET_NAME)";
				SWIFT_VERSION = 4.2;
				TARGETED_DEVICE_FAMILY = "1,2";
				TEST_TARGET_NAME = NewApp;
			};
			name = Debug;
		};
		11B177692436F8C8001868F5 /* Release */ = {
			isa = XCBuildConfiguration;
			buildSettings = {
				ALWAYS_EMBED_SWIFT_STANDARD_LIBRARIES = YES;
				CODE_SIGN_STYLE = Automatic;
				INFOPLIST_FILE = NewAppUITests/Info.plist;
				LD_RUNPATH_SEARCH_PATHS = (
					"$(inherited)",
					"@executable_path/Frameworks",
					"@loader_path/Frameworks",
				);
				PRODUCT_BUNDLE_IDENTIFIER = bb.NewAppUITests;
				PRODUCT_NAME = "$(TARGET_NAME)";
				SWIFT_VERSION = 4.2;
				TARGETED_DEVICE_FAMILY = "1,2";
				TEST_TARGET_NAME = NewApp;
			};
			name = Release;
		};
/* End XCBuildConfiguration section */

/* Begin XCConfigurationList section */
		11B177342436F8C1001868F5 /* Build configuration list for PBXProject "NewApp" */ = {
			isa = XCConfigurationList;
			buildConfigurations = (
				11B1775F2436F8C8001868F5 /* Debug */,
				11B177602436F8C8001868F5 /* Release */,
			);
			defaultConfigurationIsVisible = 0;
			defaultConfigurationName = Release;
		};
		11B177612436F8C8001868F5 /* Build configuration list for PBXNativeTarget "NewApp" */ = {
			isa = XCConfigurationList;
			buildConfigurations = (
				11B177622436F8C8001868F5 /* Debug */,
				11B177632436F8C8001868F5 /* Release */,
			);
			defaultConfigurationIsVisible = 0;
			defaultConfigurationName = Release;
		};
		11B177642436F8C8001868F5 /* Build configuration list for PBXNativeTarget "NewAppTests" */ = {
			isa = XCConfigurationList;
			buildConfigurations = (
				11B177652436F8C8001868F5 /* Debug */,
				11B177662436F8C8001868F5 /* Release */,
			);
			defaultConfigurationIsVisible = 0;
			defaultConfigurationName = Release;
		};
		11B177672436F8C8001868F5 /* Build configuration list for PBXNativeTarget "NewAppUITests" */ = {
			isa = XCConfigurationList;
			buildConfigurations = (
				11B177682436F8C8001868F5 /* Debug */,
				11B177692436F8C8001868F5 /* Release */,
			);
			defaultConfigurationIsVisible = 0;
			defaultConfigurationName = Release;
		};
/* End XCConfigurationList section */
	};
	rootObject = 11B177312436F8C1001868F5 /* Project object */;
}
